
Microsoft Visual Studio Solution File, Format Version 12.00
# Visual Studio 15
VisualStudioVersion = 15.0.28307.539
MinimumVisualStudioVersion = 10.0.40219.1
Project("{FAE04EC0-301F-11D3-BF4B-00C04F79EFBC}") = "Lab8", "Lab8\Lab8.csproj", "{EE3ACBBF-0872-4972-AFDE-C74F193B3841}"
EndProject
Global
	GlobalSection(SolutionConfigurationPlatforms) = preSolution
		Debug|Any CPU = Debug|Any CPU
		Release|Any CPU = Release|Any CPU
	EndGlobalSection
	GlobalSection(ProjectConfigurationPlatforms) = postSolution
		{EE3ACBBF-0872-4972-AFDE-C74F193B3841}.Debug|Any CPU.ActiveCfg = Debug|Any CPU
		{EE3ACBBF-0872-4972-AFDE-C74F193B3841}.Debug|Any CPU.Build.0 = Debug|Any CPU
		{EE3ACBBF-0872-4972-AFDE-C74F193B3841}.Release|Any CPU.ActiveCfg = Release|Any CPU
		{EE3ACBBF-0872-4972-AFDE-C74F193B3841}.Release|Any CPU.Build.0 = Release|Any CPU
	EndGlobalSection
	GlobalSection(SolutionProperties) = preSolution
		HideSolutionNode = FALSE
	EndGlobalSection
	GlobalSection(ExtensibilityGlobals) = postSolution
		SolutionGuid = {D1027800-FEE9-4B76-86F0-D94D08B0299E}
	EndGlobalSection
EndGlobal
